
Microsoft Visual Studio Solution File, Format Version 12.00
# Visual Studio Version 17
VisualStudioVersion = 17.5.33530.505
MinimumVisualStudioVersion = 10.0.40219.1
Project("{FAE04EC0-301F-11D3-BF4B-00C04F79EFBC}") = "AnimalKingdom", "AnimalKingdom.csproj", "{2E8FD792-B01C-4587-A9A5-11886F1B614F}"
EndProject
Global
	GlobalSection(SolutionConfigurationPlatforms) = preSolution
		Debug|Any CPU = Debug|Any CPU
		Release|Any CPU = Release|Any CPU
	EndGlobalSection
	GlobalSection(ProjectConfigurationPlatforms) = postSolution
		{2E8FD792-B01C-4587-A9A5-11886F1B614F}.Debug|Any CPU.ActiveCfg = Debug|Any CPU
		{2E8FD792-B01C-4587-A9A5-11886F1B614F}.Debug|Any CPU.Build.0 = Debug|Any CPU
		{2E8FD792-B01C-4587-A9A5-11886F1B614F}.Release|Any CPU.ActiveCfg = Release|Any CPU
		{2E8FD792-B01C-4587-A9A5-11886F1B614F}.Release|Any CPU.Build.0 = Release|Any CPU
	EndGlobalSection
	GlobalSection(SolutionProperties) = preSolution
		HideSolutionNode = FALSE
	EndGlobalSection
	GlobalSection(ExtensibilityGlobals) = postSolution
		SolutionGuid = {4112A229-03D5-4845-ABF0-A840AFC85C95}
	EndGlobalSection
EndGlobal
